
Microsoft Visual Studio Solution File, Format Version 12.00
# Visual Studio 2012
Project("{FAE04EC0-301F-11D3-BF4B-00C04F79EFBC}") = "ContestHunter", "ContestHunter\ContestHunter.csproj", "{FF6A73F9-D7E0-464C-9527-7D17A1B9200E}"
EndProject
Project("{FAE04EC0-301F-11D3-BF4B-00C04F79EFBC}") = "DomainTest", "DomainTest\DomainTest.csproj", "{483984A1-0D01-4339-8EB8-1C3A95E1D2FE}"
EndProject
Project("{FAE04EC0-301F-11D3-BF4B-00C04F79EFBC}") = "AllKorrect", "AllKorrect\AllKorrect.csproj", "{D9A3C7FE-689E-4C7F-83DB-CAC4FE27DB0A}"
EndProject
Project("{FAE04EC0-301F-11D3-BF4B-00C04F79EFBC}") = "Imager", "Imager\Imager.csproj", "{939ACB4A-9F5F-48B2-9162-84380B9E3A34}"
EndProject
Global
	GlobalSection(SolutionConfigurationPlatforms) = preSolution
		Debug|Any CPU = Debug|Any CPU
		Release|Any CPU = Release|Any CPU
	EndGlobalSection
	GlobalSection(ProjectConfigurationPlatforms) = postSolution
		{FF6A73F9-D7E0-464C-9527-7D17A1B9200E}.Debug|Any CPU.ActiveCfg = Debug|Any CPU
		{FF6A73F9-D7E0-464C-9527-7D17A1B9200E}.Debug|Any CPU.Build.0 = Debug|Any CPU
		{FF6A73F9-D7E0-464C-9527-7D17A1B9200E}.Release|Any CPU.ActiveCfg = Release|Any CPU
		{FF6A73F9-D7E0-464C-9527-7D17A1B9200E}.Release|Any CPU.Build.0 = Release|Any CPU
		{483984A1-0D01-4339-8EB8-1C3A95E1D2FE}.Debug|Any CPU.ActiveCfg = Debug|Any CPU
		{483984A1-0D01-4339-8EB8-1C3A95E1D2FE}.Debug|Any CPU.Build.0 = Debug|Any CPU
		{483984A1-0D01-4339-8EB8-1C3A95E1D2FE}.Release|Any CPU.ActiveCfg = Release|Any CPU
		{483984A1-0D01-4339-8EB8-1C3A95E1D2FE}.Release|Any CPU.Build.0 = Release|Any CPU
		{D9A3C7FE-689E-4C7F-83DB-CAC4FE27DB0A}.Debug|Any CPU.ActiveCfg = Debug|Any CPU
		{D9A3C7FE-689E-4C7F-83DB-CAC4FE27DB0A}.Debug|Any CPU.Build.0 = Debug|Any CPU
		{D9A3C7FE-689E-4C7F-83DB-CAC4FE27DB0A}.Release|Any CPU.ActiveCfg = Release|Any CPU
		{D9A3C7FE-689E-4C7F-83DB-CAC4FE27DB0A}.Release|Any CPU.Build.0 = Release|Any CPU
		{939ACB4A-9F5F-48B2-9162-84380B9E3A34}.Debug|Any CPU.ActiveCfg = Debug|Any CPU
		{939ACB4A-9F5F-48B2-9162-84380B9E3A34}.Debug|Any CPU.Build.0 = Debug|Any CPU
		{939ACB4A-9F5F-48B2-9162-84380B9E3A34}.Release|Any CPU.ActiveCfg = Release|Any CPU
		{939ACB4A-9F5F-48B2-9162-84380B9E3A34}.Release|Any CPU.Build.0 = Release|Any CPU
	EndGlobalSection
	GlobalSection(SolutionProperties) = preSolution
		HideSolutionNode = FALSE
	EndGlobalSection
	GlobalSection(Performance) = preSolution
		HasPerformanceSessions = true
	EndGlobalSection
EndGlobal
