
Microsoft Visual Studio Solution File, Format Version 12.00
# Visual Studio 2012
Project("{FAE04EC0-301F-11D3-BF4B-00C04F79EFBC}") = "ContestHunter", "ContestHunter\ContestHunter.csproj", "{FF6A73F9-D7E0-464C-9527-7D17A1B9200E}"
EndProject
Global
	GlobalSection(SolutionConfigurationPlatforms) = preSolution
		Debug|Any CPU = Debug|Any CPU
		Release|Any CPU = Release|Any CPU
	EndGlobalSection
	GlobalSection(ProjectConfigurationPlatforms) = postSolution
		{FF6A73F9-D7E0-464C-9527-7D17A1B9200E}.Debug|Any CPU.ActiveCfg = Debug|Any CPU
		{FF6A73F9-D7E0-464C-9527-7D17A1B9200E}.Debug|Any CPU.Build.0 = Debug|Any CPU
		{FF6A73F9-D7E0-464C-9527-7D17A1B9200E}.Release|Any CPU.ActiveCfg = Release|Any CPU
		{FF6A73F9-D7E0-464C-9527-7D17A1B9200E}.Release|Any CPU.Build.0 = Release|Any CPU
	EndGlobalSection
	GlobalSection(SolutionProperties) = preSolution
		HideSolutionNode = FALSE
	EndGlobalSection
EndGlobal
